# This file is automatically @generated by Cargo.
# It is not intended for manual editing.
version = 4

[[package]]
name = "dragonbox_ecma"
version = "0.1.12"
source = "registry+https://github.com/rust-lang/crates.io-index"
checksum = "fd8e701084c37e7ef62d3f9e453b618130cbc0ef3573847785952a3ac3f746bf"

[[package]]
name = "license-verification"
version = "0.0.1"
dependencies = [
 "dragonbox_ecma",
 "xxhash-rust",
]

[[package]]
name = "xxhash-rust"
version = "0.8.17"
source = "registry+https://github.com/rust-lang/crates.io-index"
checksum = "985eec839aaf2a1270af8f4ebcf63cf9401cfd90f0902f97c28d9f104ffbde72"
