# This file is automatically @generated by Cargo.
# It is not intended for manual editing.
version = 4

[[package]]
name = "ordered-json"
version = "0.0.1"

[[package]]
name = "ssr-adapter-react"
version = "0.0.1"

[[package]]
name = "ssr-adapter-svelte"
version = "0.0.1"

[[package]]
name = "ssr-adapter-vanilla"
version = "0.0.1"

[[package]]
name = "ssr-adapter-vue"
version = "0.0.1"

[[package]]
name = "ssr-build"
version = "0.0.1"

[[package]]
name = "ssr-core"
version = "0.0.1"
dependencies = [
 "ordered-json",
]

[[package]]
name = "ssr-runtime"
version = "0.0.1"

[[package]]
name = "ssr-server"
version = "0.0.1"
